
Microsoft Visual Studio Solution File, Format Version 12.00
# Visual Studio 2015
Project("{FAE04EC0-301F-11D3-BF4B-00C04F79EFBC}") = "ufo-game", "ufo-game.csproj", "{ABBE71EE-6D29-1FE1-9889-AAB183B8CE14}"
EndProject
Global
	GlobalSection(SolutionConfigurationPlatforms) = preSolution
		Debug|Any CPU = Debug|Any CPU
		Release|Any CPU = Release|Any CPU
	EndGlobalSection
	GlobalSection(ProjectConfigurationPlatforms) = postSolution
		{ABBE71EE-6D29-1FE1-9889-AAB183B8CE14}.Debug|Any CPU.ActiveCfg = Debug|Any CPU
		{ABBE71EE-6D29-1FE1-9889-AAB183B8CE14}.Debug|Any CPU.Build.0 = Debug|Any CPU
		{ABBE71EE-6D29-1FE1-9889-AAB183B8CE14}.Release|Any CPU.ActiveCfg = Release|Any CPU
		{ABBE71EE-6D29-1FE1-9889-AAB183B8CE14}.Release|Any CPU.Build.0 = Release|Any CPU
	EndGlobalSection
	GlobalSection(SolutionProperties) = preSolution
		HideSolutionNode = FALSE
	EndGlobalSection
EndGlobal
